PODS:
  - LzmaSDK-ObjC (2.1.1)
  - UnrarKit (2.9):
    - UnrarKit/unrar-lib (= 2.9)
  - UnrarKit/unrar-lib (2.9)

DEPENDENCIES:
  - LzmaSDK-ObjC
  - UnrarKit

SPEC REPOS:
  trunk:
    - LzmaSDK-ObjC
    - UnrarKit

SPEC CHECKSUMS:
  LzmaSDK-ObjC: 6c68c37743a658fc9a4c7b70f7d6045b587aa42b
  UnrarKit: 99e3f0222a98a212188e1a6975dcf5aa798d26dd

PODFILE CHECKSUM: 7915e99bc78dd567938a69c2efac7652fda832dc

COCOAPODS: 1.8.3
